// !$*UTF8*$!
{
	archiveVersion = 1;
	classes = {
	};
	objectVersion = 46;
	objects = {

/* Begin PBXBuildFile section */
		274D579A170B1E23004302A0 /* Cocoa.framework in Frameworks */ = {isa = PBXBuildFile; fileRef = 274D5799170B1E23004302A0 /* Cocoa.framework */; };
		279AA2F41747554100E40E46 /* AppDelegate.m in Sources */ = {isa = PBXBuildFile; fileRef = 279AA2E41747554100E40E46 /* AppDelegate.m */; };
		279AA2F51747554100E40E46 /* AppWindowController.m in Sources */ = {isa = PBXBuildFile; fileRef = 279AA2E61747554100E40E46 /* AppWindowController.m */; };
		279AA2F61747554100E40E46 /* Credits.rtf in Resources */ = {isa = PBXBuildFile; fileRef = 279AA2E71747554100E40E46 /* Credits.rtf */; };
		279AA2F71747554100E40E46 /* InfoPlist.strings in Resources */ = {isa = PBXBuildFile; fileRef = 279AA2E91747554100E40E46 /* InfoPlist.strings */; };
		279AA2F81747554100E40E46 /* MainMenu.xib in Resources */ = {isa = PBXBuildFile; fileRef = 279AA2EB1747554100E40E46 /* MainMenu.xib */; };
		279AA2F91747554100E40E46 /* MacBrowser-Info.plist in Resources */ = {isa = PBXBuildFile; fileRef = 279AA2ED1747554100E40E46 /* MacBrowser-Info.plist */; };
		279AA2FA1747554100E40E46 /* main.m in Sources */ = {isa = PBXBuildFile; fileRef = 279AA2EF1747554100E40E46 /* main.m */; };
		279AA2FB1747554100E40E46 /* NSFlippedView.m in Sources */ = {isa = PBXBuildFile; fileRef = 279AA2F11747554100E40E46 /* NSFlippedView.m */; };
		279AA2FC1747554100E40E46 /* WebViewController.m in Sources */ = {isa = PBXBuildFile; fileRef = 279AA2F31747554100E40E46 /* WebViewController.m */; };
		27B73AA7174D109C005DD981 /* ToolbarItemView.m in Sources */ = {isa = PBXBuildFile; fileRef = 27B73AA6174D109C005DD981 /* ToolbarItemView.m */; };
		27C7BA35173D3DB900F8FB7E /* WebKit.framework in Frameworks */ = {isa = PBXBuildFile; fileRef = 27C7BA34173D3DB900F8FB7E /* WebKit.framework */; };
		27EDD5C5174BAEC700DBBF71 /* arrow_left.png in Resources */ = {isa = PBXBuildFile; fileRef = 27EDD5B6174BAEC700DBBF71 /* arrow_left.png */; };
		27EDD5C6174BAEC700DBBF71 /* arrow_right.png in Resources */ = {isa = PBXBuildFile; fileRef = 27EDD5B7174BAEC700DBBF71 /* arrow_right.png */; };
		27EDD5C7174BAEC700DBBF71 /* back.png in Resources */ = {isa = PBXBuildFile; fileRef = 27EDD5B8174BAEC700DBBF71 /* back.png */; };
		27EDD5C8174BAEC700DBBF71 /* back.tiff in Resources */ = {isa = PBXBuildFile; fileRef = 27EDD5B9174BAEC700DBBF71 /* back.tiff */; };
		27EDD5C9174BAEC700DBBF71 /* blue_back.png in Resources */ = {isa = PBXBuildFile; fileRef = 27EDD5BA174BAEC700DBBF71 /* blue_back.png */; };
		27EDD5CA174BAEC700DBBF71 /* blue_forward.png in Resources */ = {isa = PBXBuildFile; fileRef = 27EDD5BB174BAEC700DBBF71 /* blue_forward.png */; };
		27EDD5CB174BAEC700DBBF71 /* forward.png in Resources */ = {isa = PBXBuildFile; fileRef = 27EDD5BC174BAEC700DBBF71 /* forward.png */; };
		27EDD5CC174BAEC700DBBF71 /* forward.tiff in Resources */ = {isa = PBXBuildFile; fileRef = 27EDD5BD174BAEC700DBBF71 /* forward.tiff */; };
		27EDD5CE174BAEC700DBBF71 /* green_refresh.png in Resources */ = {isa = PBXBuildFile; fileRef = 27EDD5BF174BAEC700DBBF71 /* green_refresh.png */; };
		27EDD5CF174BAEC700DBBF71 /* left.png in Resources */ = {isa = PBXBuildFile; fileRef = 27EDD5C0174BAEC700DBBF71 /* left.png */; };
		27EDD5D0174BAEC700DBBF71 /* load.png in Resources */ = {isa = PBXBuildFile; fileRef = 27EDD5C1174BAEC700DBBF71 /* load.png */; };
		27EDD5D2174BAEC700DBBF71 /* refresh.png in Resources */ = {isa = PBXBuildFile; fileRef = 27EDD5C3174BAEC700DBBF71 /* refresh.png */; };
		27EDD5D3174BAEC700DBBF71 /* right.png in Resources */ = {isa = PBXBuildFile; fileRef = 27EDD5C4174BAEC700DBBF71 /* right.png */; };
		27EDD5D5174BB21700DBBF71 /* refresh_red.png in Resources */ = {isa = PBXBuildFile; fileRef = 27EDD5D4174BB21700DBBF71 /* refresh_red.png */; };
/* End PBXBuildFile section */

/* Begin PBXFileReference section */
		274D5796170B1E23004302A0 /* MacBrowser.app */ = {isa = PBXFileReference; explicitFileType = wrapper.application; includeInIndex = 0; path = MacBrowser.app; sourceTree = BUILT_PRODUCTS_DIR; };
		274D5799170B1E23004302A0 /* Cocoa.framework */ = {isa = PBXFileReference; lastKnownFileType = wrapper.framework; name = Cocoa.framework; path = System/Library/Frameworks/Cocoa.framework; sourceTree = SDKROOT; };
		274D579C170B1E23004302A0 /* AppKit.framework */ = {isa = PBXFileReference; lastKnownFileType = wrapper.framework; name = AppKit.framework; path = System/Library/Frameworks/AppKit.framework; sourceTree = SDKROOT; };
		274D579D170B1E23004302A0 /* CoreData.framework */ = {isa = PBXFileReference; lastKnownFileType = wrapper.framework; name = CoreData.framework; path = System/Library/Frameworks/CoreData.framework; sourceTree = SDKROOT; };
		274D579E170B1E23004302A0 /* Foundation.framework */ = {isa = PBXFileReference; lastKnownFileType = wrapper.framework; name = Foundation.framework; path = System/Library/Frameworks/Foundation.framework; sourceTree = SDKROOT; };
		279AA2E31747554100E40E46 /* AppDelegate.h */ = {isa = PBXFileReference; fileEncoding = 4; lastKnownFileType = sourcecode.c.h; path = AppDelegate.h; sourceTree = "<group>"; };
		279AA2E41747554100E40E46 /* AppDelegate.m */ = {isa = PBXFileReference; fileEncoding = 4; lastKnownFileType = sourcecode.c.objc; path = AppDelegate.m; sourceTree = "<group>"; };
		279AA2E51747554100E40E46 /* AppWindowController.h */ = {isa = PBXFileReference; fileEncoding = 4; lastKnownFileType = sourcecode.c.h; path = AppWindowController.h; sourceTree = "<group>"; };
		279AA2E61747554100E40E46 /* AppWindowController.m */ = {isa = PBXFileReference; fileEncoding = 4; lastKnownFileType = sourcecode.c.objc; path = AppWindowController.m; sourceTree = "<group>"; };
		279AA2E81747554100E40E46 /* en */ = {isa = PBXFileReference; lastKnownFileType = text.rtf; name = en; path = en.lproj/Credits.rtf; sourceTree = "<group>"; };
		279AA2EA1747554100E40E46 /* en */ = {isa = PBXFileReference; lastKnownFileType = text.plist.strings; name = en; path = en.lproj/InfoPlist.strings; sourceTree = "<group>"; };
		279AA2EC1747554100E40E46 /* en */ = {isa = PBXFileReference; lastKnownFileType = file.xib; name = en; path = en.lproj/MainMenu.xib; sourceTree = "<group>"; };
		279AA2ED1747554100E40E46 /* MacBrowser-Info.plist */ = {isa = PBXFileReference; fileEncoding = 4; lastKnownFileType = text.plist.xml; path = "MacBrowser-Info.plist"; sourceTree = "<group>"; };
		279AA2EE1747554100E40E46 /* MacBrowser-Prefix.pch */ = {isa = PBXFileReference; fileEncoding = 4; lastKnownFileType = sourcecode.c.h; path = "MacBrowser-Prefix.pch"; sourceTree = "<group>"; };
		279AA2EF1747554100E40E46 /* main.m */ = {isa = PBXFileReference; fileEncoding = 4; lastKnownFileType = sourcecode.c.objc; path = main.m; sourceTree = "<group>"; };
		279AA2F01747554100E40E46 /* NSFlippedView.h */ = {isa = PBXFileReference; fileEncoding = 4; lastKnownFileType = sourcecode.c.h; path = NSFlippedView.h; sourceTree = "<group>"; };
		279AA2F11747554100E40E46 /* NSFlippedView.m */ = {isa = PBXFileReference; fileEncoding = 4; lastKnownFileType = sourcecode.c.objc; path = NSFlippedView.m; sourceTree = "<group>"; };
		279AA2F21747554100E40E46 /* WebViewController.h */ = {isa = PBXFileReference; fileEncoding = 4; lastKnownFileType = sourcecode.c.h; path = WebViewController.h; sourceTree = "<group>"; };
		279AA2F31747554100E40E46 /* WebViewController.m */ = {isa = PBXFileReference; fileEncoding = 4; lastKnownFileType = sourcecode.c.objc; path = WebViewController.m; sourceTree = "<group>"; };
		27B73AA5174D109C005DD981 /* ToolbarItemView.h */ = {isa = PBXFileReference; fileEncoding = 4; lastKnownFileType = sourcecode.c.h; path = ToolbarItemView.h; sourceTree = "<group>"; };
		27B73AA6174D109C005DD981 /* ToolbarItemView.m */ = {isa = PBXFileReference; fileEncoding = 4; lastKnownFileType = sourcecode.c.objc; path = ToolbarItemView.m; sourceTree = "<group>"; };
		27C7BA34173D3DB900F8FB7E /* WebKit.framework */ = {isa = PBXFileReference; lastKnownFileType = wrapper.framework; name = WebKit.framework; path = System/Library/Frameworks/WebKit.framework; sourceTree = SDKROOT; };
		27EDD5B6174BAEC700DBBF71 /* arrow_left.png */ = {isa = PBXFileReference; lastKnownFileType = image.png; path = arrow_left.png; sourceTree = "<group>"; };
		27EDD5B7174BAEC700DBBF71 /* arrow_right.png */ = {isa = PBXFileReference; lastKnownFileType = image.png; path = arrow_right.png; sourceTree = "<group>"; };
		27EDD5B8174BAEC700DBBF71 /* back.png */ = {isa = PBXFileReference; lastKnownFileType = image.png; path = back.png; sourceTree = "<group>"; };
		27EDD5B9174BAEC700DBBF71 /* back.tiff */ = {isa = PBXFileReference; lastKnownFileType = image.tiff; path = back.tiff; sourceTree = "<group>"; };
		27EDD5BA174BAEC700DBBF71 /* blue_back.png */ = {isa = PBXFileReference; lastKnownFileType = image.png; path = blue_back.png; sourceTree = "<group>"; };
		27EDD5BB174BAEC700DBBF71 /* blue_forward.png */ = {isa = PBXFileReference; lastKnownFileType = image.png; path = blue_forward.png; sourceTree = "<group>"; };
		27EDD5BC174BAEC700DBBF71 /* forward.png */ = {isa = PBXFileReference; lastKnownFileType = image.png; path = forward.png; sourceTree = "<group>"; };
		27EDD5BD174BAEC700DBBF71 /* forward.tiff */ = {isa = PBXFileReference; lastKnownFileType = image.tiff; path = forward.tiff; sourceTree = "<group>"; };
		27EDD5BF174BAEC700DBBF71 /* green_refresh.png */ = {isa = PBXFileReference; lastKnownFileType = image.png; path = green_refresh.png; sourceTree = "<group>"; };
		27EDD5C0174BAEC700DBBF71 /* left.png */ = {isa = PBXFileReference; lastKnownFileType = image.png; path = left.png; sourceTree = "<group>"; };
		27EDD5C1174BAEC700DBBF71 /* load.png */ = {isa = PBXFileReference; lastKnownFileType = image.png; path = load.png; sourceTree = "<group>"; };
		27EDD5C3174BAEC700DBBF71 /* refresh.png */ = {isa = PBXFileReference; lastKnownFileType = image.png; path = refresh.png; sourceTree = "<group>"; };
		27EDD5C4174BAEC700DBBF71 /* right.png */ = {isa = PBXFileReference; lastKnownFileType = image.png; path = right.png; sourceTree = "<group>"; };
		27EDD5D4174BB21700DBBF71 /* refresh_red.png */ = {isa = PBXFileReference; lastKnownFileType = image.png; path = refresh_red.png; sourceTree = "<group>"; };
/* End PBXFileReference section */

/* Begin PBXFrameworksBuildPhase section */
		274D5793170B1E23004302A0 /* Frameworks */ = {
			isa = PBXFrameworksBuildPhase;
			buildActionMask = 2147483647;
			files = (
				27C7BA35173D3DB900F8FB7E /* WebKit.framework in Frameworks */,
				274D579A170B1E23004302A0 /* Cocoa.framework in Frameworks */,
			);
			runOnlyForDeploymentPostprocessing = 0;
		};
/* End PBXFrameworksBuildPhase section */

/* Begin PBXGroup section */
		274D578D170B1E23004302A0 = {
			isa = PBXGroup;
			children = (
				279AA2E21747554100E40E46 /* MacBrowser */,
				274D5798170B1E23004302A0 /* Frameworks */,
				27EDD5B5174BAEC700DBBF71 /* res */,
				274D5797170B1E23004302A0 /* Products */,
			);
			sourceTree = "<group>";
		};
		274D5797170B1E23004302A0 /* Products */ = {
			isa = PBXGroup;
			children = (
				274D5796170B1E23004302A0 /* MacBrowser.app */,
			);
			name = Products;
			sourceTree = "<group>";
		};
		274D5798170B1E23004302A0 /* Frameworks */ = {
			isa = PBXGroup;
			children = (
				27C7BA34173D3DB900F8FB7E /* WebKit.framework */,
				274D5799170B1E23004302A0 /* Cocoa.framework */,
				274D579B170B1E23004302A0 /* Other Frameworks */,
			);
			name = Frameworks;
			sourceTree = "<group>";
		};
		274D579B170B1E23004302A0 /* Other Frameworks */ = {
			isa = PBXGroup;
			children = (
				274D579C170B1E23004302A0 /* AppKit.framework */,
				274D579D170B1E23004302A0 /* CoreData.framework */,
				274D579E170B1E23004302A0 /* Foundation.framework */,
			);
			name = "Other Frameworks";
			sourceTree = "<group>";
		};
		279AA2E21747554100E40E46 /* MacBrowser */ = {
			isa = PBXGroup;
			children = (
				279AA2FF1747577200E40E46 /* Classes */,
				279AA2FE1747573D00E40E46 /* utilities */,
				279AA2FD1747572800E40E46 /* Controllers */,
				279AA2E31747554100E40E46 /* AppDelegate.h */,
				279AA2E41747554100E40E46 /* AppDelegate.m */,
				279AA2EF1747554100E40E46 /* main.m */,
			);
			path = MacBrowser;
			sourceTree = "<group>";
		};
		279AA2FD1747572800E40E46 /* Controllers */ = {
			isa = PBXGroup;
			children = (
				279AA2E51747554100E40E46 /* AppWindowController.h */,
				279AA2E61747554100E40E46 /* AppWindowController.m */,
				279AA2F21747554100E40E46 /* WebViewController.h */,
				279AA2F31747554100E40E46 /* WebViewController.m */,
				27B73AA5174D109C005DD981 /* ToolbarItemView.h */,
				27B73AA6174D109C005DD981 /* ToolbarItemView.m */,
			);
			name = Controllers;
			sourceTree = "<group>";
		};
		279AA2FE1747573D00E40E46 /* utilities */ = {
			isa = PBXGroup;
			children = (
				279AA2E71747554100E40E46 /* Credits.rtf */,
				279AA2E91747554100E40E46 /* InfoPlist.strings */,
				279AA2EB1747554100E40E46 /* MainMenu.xib */,
				279AA2ED1747554100E40E46 /* MacBrowser-Info.plist */,
				279AA2EE1747554100E40E46 /* MacBrowser-Prefix.pch */,
			);
			name = utilities;
			sourceTree = "<group>";
		};
		279AA2FF1747577200E40E46 /* Classes */ = {
			isa = PBXGroup;
			children = (
				279AA2F01747554100E40E46 /* NSFlippedView.h */,
				279AA2F11747554100E40E46 /* NSFlippedView.m */,
			);
			name = Classes;
			sourceTree = "<group>";
		};
		27EDD5B5174BAEC700DBBF71 /* res */ = {
			isa = PBXGroup;
			children = (
				27EDD5B6174BAEC700DBBF71 /* arrow_left.png */,
				27EDD5B7174BAEC700DBBF71 /* arrow_right.png */,
				27EDD5B8174BAEC700DBBF71 /* back.png */,
				27EDD5B9174BAEC700DBBF71 /* back.tiff */,
				27EDD5BA174BAEC700DBBF71 /* blue_back.png */,
				27EDD5D4174BB21700DBBF71 /* refresh_red.png */,
				27EDD5BB174BAEC700DBBF71 /* blue_forward.png */,
				27EDD5BC174BAEC700DBBF71 /* forward.png */,
				27EDD5BD174BAEC700DBBF71 /* forward.tiff */,
				27EDD5BF174BAEC700DBBF71 /* green_refresh.png */,
				27EDD5C0174BAEC700DBBF71 /* left.png */,
				27EDD5C1174BAEC700DBBF71 /* load.png */,
				27EDD5C3174BAEC700DBBF71 /* refresh.png */,
				27EDD5C4174BAEC700DBBF71 /* right.png */,
			);
			name = res;
			path = MacBrowser/res;
			sourceTree = "<group>";
		};
/* End PBXGroup section */

/* Begin PBXNativeTarget section */
		274D5795170B1E23004302A0 /* MacBrowser */ = {
			isa = PBXNativeTarget;
			buildConfigurationList = 274D57B3170B1E23004302A0 /* Build configuration list for PBXNativeTarget "MacBrowser" */;
			buildPhases = (
				274D5792170B1E23004302A0 /* Sources */,
				274D5793170B1E23004302A0 /* Frameworks */,
				274D5794170B1E23004302A0 /* Resources */,
			);
			buildRules = (
			);
			dependencies = (
			);
			name = MacBrowser;
			productName = MyOSApp;
			productReference = 274D5796170B1E23004302A0 /* MacBrowser.app */;
			productType = "com.apple.product-type.application";
		};
/* End PBXNativeTarget section */

/* Begin PBXProject section */
		274D578E170B1E23004302A0 /* Project object */ = {
			isa = PBXProject;
			attributes = {
				LastUpgradeCheck = 0460;
				ORGANIZATIONNAME = kyle;
			};
			buildConfigurationList = 274D5791170B1E23004302A0 /* Build configuration list for PBXProject "MacBrowser" */;
			compatibilityVersion = "Xcode 3.2";
			developmentRegion = English;
			hasScannedForEncodings = 0;
			knownRegions = (
				en,
			);
			mainGroup = 274D578D170B1E23004302A0;
			productRefGroup = 274D5797170B1E23004302A0 /* Products */;
			projectDirPath = "";
			projectRoot = "";
			targets = (
				274D5795170B1E23004302A0 /* MacBrowser */,
			);
		};
/* End PBXProject section */

/* Begin PBXResourcesBuildPhase section */
		274D5794170B1E23004302A0 /* Resources */ = {
			isa = PBXResourcesBuildPhase;
			buildActionMask = 2147483647;
			files = (
				279AA2F61747554100E40E46 /* Credits.rtf in Resources */,
				279AA2F71747554100E40E46 /* InfoPlist.strings in Resources */,
				279AA2F81747554100E40E46 /* MainMenu.xib in Resources */,
				279AA2F91747554100E40E46 /* MacBrowser-Info.plist in Resources */,
				27EDD5C5174BAEC700DBBF71 /* arrow_left.png in Resources */,
				27EDD5C6174BAEC700DBBF71 /* arrow_right.png in Resources */,
				27EDD5C7174BAEC700DBBF71 /* back.png in Resources */,
				27EDD5C8174BAEC700DBBF71 /* back.tiff in Resources */,
				27EDD5C9174BAEC700DBBF71 /* blue_back.png in Resources */,
				27EDD5CA174BAEC700DBBF71 /* blue_forward.png in Resources */,
				27EDD5CB174BAEC700DBBF71 /* forward.png in Resources */,
				27EDD5CC174BAEC700DBBF71 /* forward.tiff in Resources */,
				27EDD5CE174BAEC700DBBF71 /* green_refresh.png in Resources */,
				27EDD5CF174BAEC700DBBF71 /* left.png in Resources */,
				27EDD5D0174BAEC700DBBF71 /* load.png in Resources */,
				27EDD5D2174BAEC700DBBF71 /* refresh.png in Resources */,
				27EDD5D3174BAEC700DBBF71 /* right.png in Resources */,
				27EDD5D5174BB21700DBBF71 /* refresh_red.png in Resources */,
			);
			runOnlyForDeploymentPostprocessing = 0;
		};
/* End PBXResourcesBuildPhase section */

/* Begin PBXSourcesBuildPhase section */
		274D5792170B1E23004302A0 /* Sources */ = {
			isa = PBXSourcesBuildPhase;
			buildActionMask = 2147483647;
			files = (
				279AA2F41747554100E40E46 /* AppDelegate.m in Sources */,
				279AA2F51747554100E40E46 /* AppWindowController.m in Sources */,
				279AA2FA1747554100E40E46 /* main.m in Sources */,
				279AA2FB1747554100E40E46 /* NSFlippedView.m in Sources */,
				279AA2FC1747554100E40E46 /* WebViewController.m in Sources */,
				27B73AA7174D109C005DD981 /* ToolbarItemView.m in Sources */,
			);
			runOnlyForDeploymentPostprocessing = 0;
		};
/* End PBXSourcesBuildPhase section */

/* Begin PBXVariantGroup section */
		279AA2E71747554100E40E46 /* Credits.rtf */ = {
			isa = PBXVariantGroup;
			children = (
				279AA2E81747554100E40E46 /* en */,
			);
			name = Credits.rtf;
			sourceTree = "<group>";
		};
		279AA2E91747554100E40E46 /* InfoPlist.strings */ = {
			isa = PBXVariantGroup;
			children = (
				279AA2EA1747554100E40E46 /* en */,
			);
			name = InfoPlist.strings;
			sourceTree = "<group>";
		};
		279AA2EB1747554100E40E46 /* MainMenu.xib */ = {
			isa = PBXVariantGroup;
			children = (
				279AA2EC1747554100E40E46 /* en */,
			);
			name = MainMenu.xib;
			sourceTree = "<group>";
		};
/* End PBXVariantGroup section */

/* Begin XCBuildConfiguration section */
		274D57B1170B1E23004302A0 /* Debug */ = {
			isa = XCBuildConfiguration;
			buildSettings = {
				ALWAYS_SEARCH_USER_PATHS = NO;
				ARCHS = "$(ARCHS_STANDARD_64_BIT)";
				CLANG_CXX_LANGUAGE_STANDARD = "gnu++0x";
				CLANG_CXX_LIBRARY = "libc++";
				CLANG_WARN_CONSTANT_CONVERSION = YES;
				CLANG_WARN_EMPTY_BODY = YES;
				CLANG_WARN_ENUM_CONVERSION = YES;
				CLANG_WARN_INT_CONVERSION = YES;
				CLANG_WARN__DUPLICATE_METHOD_MATCH = YES;
				COPY_PHASE_STRIP = NO;
				GCC_C_LANGUAGE_STANDARD = gnu99;
				GCC_DYNAMIC_NO_PIC = NO;
				GCC_ENABLE_OBJC_EXCEPTIONS = YES;
				GCC_OPTIMIZATION_LEVEL = 0;
				GCC_PREPROCESSOR_DEFINITIONS = (
					"DEBUG=1",
					"$(inherited)",
				);
				GCC_SYMBOLS_PRIVATE_EXTERN = NO;
				GCC_WARN_64_TO_32_BIT_CONVERSION = YES;
				GCC_WARN_ABOUT_RETURN_TYPE = YES;
				GCC_WARN_UNINITIALIZED_AUTOS = YES;
				GCC_WARN_UNUSED_VARIABLE = YES;
				MACOSX_DEPLOYMENT_TARGET = 10.8;
				ONLY_ACTIVE_ARCH = YES;
				SDKROOT = macosx;
			};
			name = Debug;
		};
		274D57B2170B1E23004302A0 /* Release */ = {
			isa = XCBuildConfiguration;
			buildSettings = {
				ALWAYS_SEARCH_USER_PATHS = NO;
				ARCHS = "$(ARCHS_STANDARD_64_BIT)";
				CLANG_CXX_LANGUAGE_STANDARD = "gnu++0x";
				CLANG_CXX_LIBRARY = "libc++";
				CLANG_WARN_CONSTANT_CONVERSION = YES;
				CLANG_WARN_EMPTY_BODY = YES;
				CLANG_WARN_ENUM_CONVERSION = YES;
				CLANG_WARN_INT_CONVERSION = YES;
				CLANG_WARN__DUPLICATE_METHOD_MATCH = YES;
				COPY_PHASE_STRIP = YES;
				DEBUG_INFORMATION_FORMAT = "dwarf-with-dsym";
				GCC_C_LANGUAGE_STANDARD = gnu99;
				GCC_ENABLE_OBJC_EXCEPTIONS = YES;
				GCC_WARN_64_TO_32_BIT_CONVERSION = YES;
				GCC_WARN_ABOUT_RETURN_TYPE = YES;
				GCC_WARN_UNINITIALIZED_AUTOS = YES;
				GCC_WARN_UNUSED_VARIABLE = YES;
				MACOSX_DEPLOYMENT_TARGET = 10.8;
				SDKROOT = macosx;
			};
			name = Release;
		};
		274D57B4170B1E23004302A0 /* Debug */ = {
			isa = XCBuildConfiguration;
			buildSettings = {
				COMBINE_HIDPI_IMAGES = YES;
				GCC_PRECOMPILE_PREFIX_HEADER = YES;
				GCC_PREFIX_HEADER = "MacBrowser/MacBrowser-Prefix.pch";
				INFOPLIST_FILE = "MacBrowser/MacBrowser-Info.plist";
				PRODUCT_NAME = MacBrowser;
				WRAPPER_EXTENSION = app;
			};
			name = Debug;
		};
		274D57B5170B1E23004302A0 /* Release */ = {
			isa = XCBuildConfiguration;
			buildSettings = {
				COMBINE_HIDPI_IMAGES = YES;
				GCC_PRECOMPILE_PREFIX_HEADER = YES;
				GCC_PREFIX_HEADER = "MacBrowser/MacBrowser-Prefix.pch";
				INFOPLIST_FILE = "MacBrowser/MacBrowser-Info.plist";
				PRODUCT_NAME = MacBrowser;
				WRAPPER_EXTENSION = app;
			};
			name = Release;
		};
/* End XCBuildConfiguration section */

/* Begin XCConfigurationList section */
		274D5791170B1E23004302A0 /* Build configuration list for PBXProject "MacBrowser" */ = {
			isa = XCConfigurationList;
			buildConfigurations = (
				274D57B1170B1E23004302A0 /* Debug */,
				274D57B2170B1E23004302A0 /* Release */,
			);
			defaultConfigurationIsVisible = 0;
			defaultConfigurationName = Release;
		};
		274D57B3170B1E23004302A0 /* Build configuration list for PBXNativeTarget "MacBrowser" */ = {
			isa = XCConfigurationList;
			buildConfigurations = (
				274D57B4170B1E23004302A0 /* Debug */,
				274D57B5170B1E23004302A0 /* Release */,
			);
			defaultConfigurationIsVisible = 0;
			defaultConfigurationName = Release;
		};
/* End XCConfigurationList section */
	};
	rootObject = 274D578E170B1E23004302A0 /* Project object */;
}
